// !$*UTF8*$!
{
	archiveVersion = 1;
	classes = {
	};
	objectVersion = 46;
	objects = {

/* Begin PBXBuildFile section */
		33F120B01E84F40500260C96 /* main.m in Sources */ = {isa = PBXBuildFile; fileRef = 33F120AF1E84F40500260C96 /* main.m */; };
		33F120B31E84F40600260C96 /* AppDelegate.m in Sources */ = {isa = PBXBuildFile; fileRef = 33F120B21E84F40600260C96 /* AppDelegate.m */; };
		33F120B61E84F40600260C96 /* ViewController.m in Sources */ = {isa = PBXBuildFile; fileRef = 33F120B51E84F40600260C96 /* ViewController.m */; };
		33F120B91E84F40600260C96 /* Main.storyboard in Resources */ = {isa = PBXBuildFile; fileRef = 33F120B71E84F40600260C96 /* Main.storyboard */; };
		33F120BB1E84F40600260C96 /* Assets.xcassets in Resources */ = {isa = PBXBuildFile; fileRef = 33F120BA1E84F40600260C96 /* Assets.xcassets */; };
		33F120BE1E84F40600260C96 /* LaunchScreen.storyboard in Resources */ = {isa = PBXBuildFile; fileRef = 33F120BC1E84F40600260C96 /* LaunchScreen.storyboard */; };
		33F120C91E84F40700260C96 /* KingMovieTests.m in Sources */ = {isa = PBXBuildFile; fileRef = 33F120C81E84F40700260C96 /* KingMovieTests.m */; };
		33F120D41E84F40700260C96 /* KingMovieUITests.m in Sources */ = {isa = PBXBuildFile; fileRef = 33F120D31E84F40700260C96 /* KingMovieUITests.m */; };
		33F120E31E84F4F900260C96 /* KingLunchMoviePlayer.m in Sources */ = {isa = PBXBuildFile; fileRef = 33F120E21E84F4F900260C96 /* KingLunchMoviePlayer.m */; };
		33F120FE1E851D0100260C96 /* opening_long_1080*1920.mp4 in Resources */ = {isa = PBXBuildFile; fileRef = 33F120FC1E851D0100260C96 /* opening_long_1080*1920.mp4 */; };
		33F120FF1E851D0100260C96 /* opening_short_1080*1920.mp4 in Resources */ = {isa = PBXBuildFile; fileRef = 33F120FD1E851D0100260C96 /* opening_short_1080*1920.mp4 */; };
/* End PBXBuildFile section */

/* Begin PBXContainerItemProxy section */
		33F120C51E84F40700260C96 /* PBXContainerItemProxy */ = {
			isa = PBXContainerItemProxy;
			containerPortal = 33F120A31E84F40500260C96 /* Project object */;
			proxyType = 1;
			remoteGlobalIDString = 33F120AA1E84F40500260C96;
			remoteInfo = KingMovie;
		};
		33F120D01E84F40700260C96 /* PBXContainerItemProxy */ = {
			isa = PBXContainerItemProxy;
			containerPortal = 33F120A31E84F40500260C96 /* Project object */;
			proxyType = 1;
			remoteGlobalIDString = 33F120AA1E84F40500260C96;
			remoteInfo = KingMovie;
		};
/* End PBXContainerItemProxy section */

/* Begin PBXFileReference section */
		33F120AB1E84F40500260C96 /* KingMovie.app */ = {isa = PBXFileReference; explicitFileType = wrapper.application; includeInIndex = 0; path = KingMovie.app; sourceTree = BUILT_PRODUCTS_DIR; };
		33F120AF1E84F40500260C96 /* main.m */ = {isa = PBXFileReference; lastKnownFileType = sourcecode.c.objc; path = main.m; sourceTree = "<group>"; };
		33F120B11E84F40600260C96 /* AppDelegate.h */ = {isa = PBXFileReference; lastKnownFileType = sourcecode.c.h; path = AppDelegate.h; sourceTree = "<group>"; };
		33F120B21E84F40600260C96 /* AppDelegate.m */ = {isa = PBXFileReference; lastKnownFileType = sourcecode.c.objc; path = AppDelegate.m; sourceTree = "<group>"; };
		33F120B41E84F40600260C96 /* ViewController.h */ = {isa = PBXFileReference; lastKnownFileType = sourcecode.c.h; path = ViewController.h; sourceTree = "<group>"; };
		33F120B51E84F40600260C96 /* ViewController.m */ = {isa = PBXFileReference; lastKnownFileType = sourcecode.c.objc; path = ViewController.m; sourceTree = "<group>"; };
		33F120B81E84F40600260C96 /* Base */ = {isa = PBXFileReference; lastKnownFileType = file.storyboard; name = Base; path = Base.lproj/Main.storyboard; sourceTree = "<group>"; };
		33F120BA1E84F40600260C96 /* Assets.xcassets */ = {isa = PBXFileReference; lastKnownFileType = folder.assetcatalog; path = Assets.xcassets; sourceTree = "<group>"; };
		33F120BD1E84F40600260C96 /* Base */ = {isa = PBXFileReference; lastKnownFileType = file.storyboard; name = Base; path = Base.lproj/LaunchScreen.storyboard; sourceTree = "<group>"; };
		33F120BF1E84F40600260C96 /* Info.plist */ = {isa = PBXFileReference; lastKnownFileType = text.plist.xml; path = Info.plist; sourceTree = "<group>"; };
		33F120C41E84F40700260C96 /* KingMovieTests.xctest */ = {isa = PBXFileReference; explicitFileType = wrapper.cfbundle; includeInIndex = 0; path = KingMovieTests.xctest; sourceTree = BUILT_PRODUCTS_DIR; };
		33F120C81E84F40700260C96 /* KingMovieTests.m */ = {isa = PBXFileReference; lastKnownFileType = sourcecode.c.objc; path = KingMovieTests.m; sourceTree = "<group>"; };
		33F120CA1E84F40700260C96 /* Info.plist */ = {isa = PBXFileReference; lastKnownFileType = text.plist.xml; path = Info.plist; sourceTree = "<group>"; };
		33F120CF1E84F40700260C96 /* KingMovieUITests.xctest */ = {isa = PBXFileReference; explicitFileType = wrapper.cfbundle; includeInIndex = 0; path = KingMovieUITests.xctest; sourceTree = BUILT_PRODUCTS_DIR; };
		33F120D31E84F40700260C96 /* KingMovieUITests.m */ = {isa = PBXFileReference; lastKnownFileType = sourcecode.c.objc; path = KingMovieUITests.m; sourceTree = "<group>"; };
		33F120D51E84F40700260C96 /* Info.plist */ = {isa = PBXFileReference; lastKnownFileType = text.plist.xml; path = Info.plist; sourceTree = "<group>"; };
		33F120E11E84F4F900260C96 /* KingLunchMoviePlayer.h */ = {isa = PBXFileReference; fileEncoding = 4; lastKnownFileType = sourcecode.c.h; path = KingLunchMoviePlayer.h; sourceTree = "<group>"; };
		33F120E21E84F4F900260C96 /* KingLunchMoviePlayer.m */ = {isa = PBXFileReference; fileEncoding = 4; lastKnownFileType = sourcecode.c.objc; path = KingLunchMoviePlayer.m; sourceTree = "<group>"; };
		33F120FC1E851D0100260C96 /* opening_long_1080*1920.mp4 */ = {isa = PBXFileReference; lastKnownFileType = file; path = "opening_long_1080*1920.mp4"; sourceTree = "<group>"; };
		33F120FD1E851D0100260C96 /* opening_short_1080*1920.mp4 */ = {isa = PBXFileReference; lastKnownFileType = file; path = "opening_short_1080*1920.mp4"; sourceTree = "<group>"; };
/* End PBXFileReference section */

/* Begin PBXFrameworksBuildPhase section */
		33F120A81E84F40500260C96 /* Frameworks */ = {
			isa = PBXFrameworksBuildPhase;
			buildActionMask = 2147483647;
			files = (
			);
			runOnlyForDeploymentPostprocessing = 0;
		};
		33F120C11E84F40700260C96 /* Frameworks */ = {
			isa = PBXFrameworksBuildPhase;
			buildActionMask = 2147483647;
			files = (
			);
			runOnlyForDeploymentPostprocessing = 0;
		};
		33F120CC1E84F40700260C96 /* Frameworks */ = {
			isa = PBXFrameworksBuildPhase;
			buildActionMask = 2147483647;
			files = (
			);
			runOnlyForDeploymentPostprocessing = 0;
		};
/* End PBXFrameworksBuildPhase section */

/* Begin PBXGroup section */
		33F120A21E84F40500260C96 = {
			isa = PBXGroup;
			children = (
				33F120E11E84F4F900260C96 /* KingLunchMoviePlayer.h */,
				33F120E21E84F4F900260C96 /* KingLunchMoviePlayer.m */,
				33F120AD1E84F40500260C96 /* KingMovie */,
				33F120C71E84F40700260C96 /* KingMovieTests */,
				33F120D21E84F40700260C96 /* KingMovieUITests */,
				33F120AC1E84F40500260C96 /* Products */,
			);
			sourceTree = "<group>";
		};
		33F120AC1E84F40500260C96 /* Products */ = {
			isa = PBXGroup;
			children = (
				33F120AB1E84F40500260C96 /* KingMovie.app */,
				33F120C41E84F40700260C96 /* KingMovieTests.xctest */,
				33F120CF1E84F40700260C96 /* KingMovieUITests.xctest */,
			);
			name = Products;
			sourceTree = "<group>";
		};
		33F120AD1E84F40500260C96 /* KingMovie */ = {
			isa = PBXGroup;
			children = (
				33F120FB1E851CE900260C96 /* MovieResource */,
				33F120B11E84F40600260C96 /* AppDelegate.h */,
				33F120B21E84F40600260C96 /* AppDelegate.m */,
				33F120B41E84F40600260C96 /* ViewController.h */,
				33F120B51E84F40600260C96 /* ViewController.m */,
				33F120B71E84F40600260C96 /* Main.storyboard */,
				33F120BA1E84F40600260C96 /* Assets.xcassets */,
				33F120BC1E84F40600260C96 /* LaunchScreen.storyboard */,
				33F120BF1E84F40600260C96 /* Info.plist */,
				33F120AE1E84F40500260C96 /* Supporting Files */,
			);
			path = KingMovie;
			sourceTree = "<group>";
		};
		33F120AE1E84F40500260C96 /* Supporting Files */ = {
			isa = PBXGroup;
			children = (
				33F120AF1E84F40500260C96 /* main.m */,
			);
			name = "Supporting Files";
			sourceTree = "<group>";
		};
		33F120C71E84F40700260C96 /* KingMovieTests */ = {
			isa = PBXGroup;
			children = (
				33F120C81E84F40700260C96 /* KingMovieTests.m */,
				33F120CA1E84F40700260C96 /* Info.plist */,
			);
			path = KingMovieTests;
			sourceTree = "<group>";
		};
		33F120D21E84F40700260C96 /* KingMovieUITests */ = {
			isa = PBXGroup;
			children = (
				33F120D31E84F40700260C96 /* KingMovieUITests.m */,
				33F120D51E84F40700260C96 /* Info.plist */,
			);
			path = KingMovieUITests;
			sourceTree = "<group>";
		};
		33F120FB1E851CE900260C96 /* MovieResource */ = {
			isa = PBXGroup;
			children = (
				33F120FC1E851D0100260C96 /* opening_long_1080*1920.mp4 */,
				33F120FD1E851D0100260C96 /* opening_short_1080*1920.mp4 */,
			);
			path = MovieResource;
			sourceTree = "<group>";
		};
/* End PBXGroup section */

/* Begin PBXNativeTarget section */
		33F120AA1E84F40500260C96 /* KingMovie */ = {
			isa = PBXNativeTarget;
			buildConfigurationList = 33F120D81E84F40700260C96 /* Build configuration list for PBXNativeTarget "KingMovie" */;
			buildPhases = (
				33F120A71E84F40500260C96 /* Sources */,
				33F120A81E84F40500260C96 /* Frameworks */,
				33F120A91E84F40500260C96 /* Resources */,
			);
			buildRules = (
			);
			dependencies = (
			);
			name = KingMovie;
			productName = KingMovie;
			productReference = 33F120AB1E84F40500260C96 /* KingMovie.app */;
			productType = "com.apple.product-type.application";
		};
		33F120C31E84F40700260C96 /* KingMovieTests */ = {
			isa = PBXNativeTarget;
			buildConfigurationList = 33F120DB1E84F40700260C96 /* Build configuration list for PBXNativeTarget "KingMovieTests" */;
			buildPhases = (
				33F120C01E84F40700260C96 /* Sources */,
				33F120C11E84F40700260C96 /* Frameworks */,
				33F120C21E84F40700260C96 /* Resources */,
			);
			buildRules = (
			);
			dependencies = (
				33F120C61E84F40700260C96 /* PBXTargetDependency */,
			);
			name = KingMovieTests;
			productName = KingMovieTests;
			productReference = 33F120C41E84F40700260C96 /* KingMovieTests.xctest */;
			productType = "com.apple.product-type.bundle.unit-test";
		};
		33F120CE1E84F40700260C96 /* KingMovieUITests */ = {
			isa = PBXNativeTarget;
			buildConfigurationList = 33F120DE1E84F40700260C96 /* Build configuration list for PBXNativeTarget "KingMovieUITests" */;
			buildPhases = (
				33F120CB1E84F40700260C96 /* Sources */,
				33F120CC1E84F40700260C96 /* Frameworks */,
				33F120CD1E84F40700260C96 /* Resources */,
			);
			buildRules = (
			);
			dependencies = (
				33F120D11E84F40700260C96 /* PBXTargetDependency */,
			);
			name = KingMovieUITests;
			productName = KingMovieUITests;
			productReference = 33F120CF1E84F40700260C96 /* KingMovieUITests.xctest */;
			productType = "com.apple.product-type.bundle.ui-testing";
		};
/* End PBXNativeTarget section */

/* Begin PBXProject section */
		33F120A31E84F40500260C96 /* Project object */ = {
			isa = PBXProject;
			attributes = {
				LastUpgradeCheck = 0800;
				ORGANIZATIONNAME = "北京万家邦网络科技有限公司";
				TargetAttributes = {
					33F120AA1E84F40500260C96 = {
						CreatedOnToolsVersion = 8.0;
						DevelopmentTeam = N7U5XKLRB4;
						ProvisioningStyle = Automatic;
					};
					33F120C31E84F40700260C96 = {
						CreatedOnToolsVersion = 8.0;
						ProvisioningStyle = Automatic;
						TestTargetID = 33F120AA1E84F40500260C96;
					};
					33F120CE1E84F40700260C96 = {
						CreatedOnToolsVersion = 8.0;
						ProvisioningStyle = Automatic;
						TestTargetID = 33F120AA1E84F40500260C96;
					};
				};
			};
			buildConfigurationList = 33F120A61E84F40500260C96 /* Build configuration list for PBXProject "KingMovie" */;
			compatibilityVersion = "Xcode 3.2";
			developmentRegion = English;
			hasScannedForEncodings = 0;
			knownRegions = (
				en,
				Base,
			);
			mainGroup = 33F120A21E84F40500260C96;
			productRefGroup = 33F120AC1E84F40500260C96 /* Products */;
			projectDirPath = "";
			projectRoot = "";
			targets = (
				33F120AA1E84F40500260C96 /* KingMovie */,
				33F120C31E84F40700260C96 /* KingMovieTests */,
				33F120CE1E84F40700260C96 /* KingMovieUITests */,
			);
		};
/* End PBXProject section */

/* Begin PBXResourcesBuildPhase section */
		33F120A91E84F40500260C96 /* Resources */ = {
			isa = PBXResourcesBuildPhase;
			buildActionMask = 2147483647;
			files = (
				33F120BE1E84F40600260C96 /* LaunchScreen.storyboard in Resources */,
				33F120BB1E84F40600260C96 /* Assets.xcassets in Resources */,
				33F120FE1E851D0100260C96 /* opening_long_1080*1920.mp4 in Resources */,
				33F120FF1E851D0100260C96 /* opening_short_1080*1920.mp4 in Resources */,
				33F120B91E84F40600260C96 /* Main.storyboard in Resources */,
			);
			runOnlyForDeploymentPostprocessing = 0;
		};
		33F120C21E84F40700260C96 /* Resources */ = {
			isa = PBXResourcesBuildPhase;
			buildActionMask = 2147483647;
			files = (
			);
			runOnlyForDeploymentPostprocessing = 0;
		};
		33F120CD1E84F40700260C96 /* Resources */ = {
			isa = PBXResourcesBuildPhase;
			buildActionMask = 2147483647;
			files = (
			);
			runOnlyForDeploymentPostprocessing = 0;
		};
/* End PBXResourcesBuildPhase section */

/* Begin PBXSourcesBuildPhase section */
		33F120A71E84F40500260C96 /* Sources */ = {
			isa = PBXSourcesBuildPhase;
			buildActionMask = 2147483647;
			files = (
				33F120B61E84F40600260C96 /* ViewController.m in Sources */,
				33F120E31E84F4F900260C96 /* KingLunchMoviePlayer.m in Sources */,
				33F120B31E84F40600260C96 /* AppDelegate.m in Sources */,
				33F120B01E84F40500260C96 /* main.m in Sources */,
			);
			runOnlyForDeploymentPostprocessing = 0;
		};
		33F120C01E84F40700260C96 /* Sources */ = {
			isa = PBXSourcesBuildPhase;
			buildActionMask = 2147483647;
			files = (
				33F120C91E84F40700260C96 /* KingMovieTests.m in Sources */,
			);
			runOnlyForDeploymentPostprocessing = 0;
		};
		33F120CB1E84F40700260C96 /* Sources */ = {
			isa = PBXSourcesBuildPhase;
			buildActionMask = 2147483647;
			files = (
				33F120D41E84F40700260C96 /* KingMovieUITests.m in Sources */,
			);
			runOnlyForDeploymentPostprocessing = 0;
		};
/* End PBXSourcesBuildPhase section */

/* Begin PBXTargetDependency section */
		33F120C61E84F40700260C96 /* PBXTargetDependency */ = {
			isa = PBXTargetDependency;
			target = 33F120AA1E84F40500260C96 /* KingMovie */;
			targetProxy = 33F120C51E84F40700260C96 /* PBXContainerItemProxy */;
		};
		33F120D11E84F40700260C96 /* PBXTargetDependency */ = {
			isa = PBXTargetDependency;
			target = 33F120AA1E84F40500260C96 /* KingMovie */;
			targetProxy = 33F120D01E84F40700260C96 /* PBXContainerItemProxy */;
		};
/* End PBXTargetDependency section */

/* Begin PBXVariantGroup section */
		33F120B71E84F40600260C96 /* Main.storyboard */ = {
			isa = PBXVariantGroup;
			children = (
				33F120B81E84F40600260C96 /* Base */,
			);
			name = Main.storyboard;
			sourceTree = "<group>";
		};
		33F120BC1E84F40600260C96 /* LaunchScreen.storyboard */ = {
			isa = PBXVariantGroup;
			children = (
				33F120BD1E84F40600260C96 /* Base */,
			);
			name = LaunchScreen.storyboard;
			sourceTree = "<group>";
		};
/* End PBXVariantGroup section */

/* Begin XCBuildConfiguration section */
		33F120D61E84F40700260C96 /* Debug */ = {
			isa = XCBuildConfiguration;
			buildSettings = {
				ALWAYS_SEARCH_USER_PATHS = NO;
				CLANG_ANALYZER_NONNULL = YES;
				CLANG_CXX_LANGUAGE_STANDARD = "gnu++0x";
				CLANG_CXX_LIBRARY = "libc++";
				CLANG_ENABLE_MODULES = YES;
				CLANG_ENABLE_OBJC_ARC = YES;
				CLANG_WARN_BOOL_CONVERSION = YES;
				CLANG_WARN_CONSTANT_CONVERSION = YES;
				CLANG_WARN_DIRECT_OBJC_ISA_USAGE = YES_ERROR;
				CLANG_WARN_DOCUMENTATION_COMMENTS = YES;
				CLANG_WARN_EMPTY_BODY = YES;
				CLANG_WARN_ENUM_CONVERSION = YES;
				CLANG_WARN_INFINITE_RECURSION = YES;
				CLANG_WARN_INT_CONVERSION = YES;
				CLANG_WARN_OBJC_ROOT_CLASS = YES_ERROR;
				CLANG_WARN_SUSPICIOUS_MOVES = YES;
				CLANG_WARN_UNREACHABLE_CODE = YES;
				CLANG_WARN__DUPLICATE_METHOD_MATCH = YES;
				"CODE_SIGN_IDENTITY[sdk=iphoneos*]" = "iPhone Developer";
				COPY_PHASE_STRIP = NO;
				DEBUG_INFORMATION_FORMAT = dwarf;
				ENABLE_STRICT_OBJC_MSGSEND = YES;
				ENABLE_TESTABILITY = YES;
				GCC_C_LANGUAGE_STANDARD = gnu99;
				GCC_DYNAMIC_NO_PIC = NO;
				GCC_NO_COMMON_BLOCKS = YES;
				GCC_OPTIMIZATION_LEVEL = 0;
				GCC_PREPROCESSOR_DEFINITIONS = (
					"DEBUG=1",
					"$(inherited)",
				);
				GCC_WARN_64_TO_32_BIT_CONVERSION = YES;
				GCC_WARN_ABOUT_RETURN_TYPE = YES_ERROR;
				GCC_WARN_UNDECLARED_SELECTOR = YES;
				GCC_WARN_UNINITIALIZED_AUTOS = YES_AGGRESSIVE;
				GCC_WARN_UNUSED_FUNCTION = YES;
				GCC_WARN_UNUSED_VARIABLE = YES;
				IPHONEOS_DEPLOYMENT_TARGET = 10.0;
				MTL_ENABLE_DEBUG_INFO = YES;
				ONLY_ACTIVE_ARCH = YES;
				SDKROOT = iphoneos;
			};
			name = Debug;
		};
		33F120D71E84F40700260C96 /* Release */ = {
			isa = XCBuildConfiguration;
			buildSettings = {
				ALWAYS_SEARCH_USER_PATHS = NO;
				CLANG_ANALYZER_NONNULL = YES;
				CLANG_CXX_LANGUAGE_STANDARD = "gnu++0x";
				CLANG_CXX_LIBRARY = "libc++";
				CLANG_ENABLE_MODULES = YES;
				CLANG_ENABLE_OBJC_ARC = YES;
				CLANG_WARN_BOOL_CONVERSION = YES;
				CLANG_WARN_CONSTANT_CONVERSION = YES;
				CLANG_WARN_DIRECT_OBJC_ISA_USAGE = YES_ERROR;
				CLANG_WARN_DOCUMENTATION_COMMENTS = YES;
				CLANG_WARN_EMPTY_BODY = YES;
				CLANG_WARN_ENUM_CONVERSION = YES;
				CLANG_WARN_INFINITE_RECURSION = YES;
				CLANG_WARN_INT_CONVERSION = YES;
				CLANG_WARN_OBJC_ROOT_CLASS = YES_ERROR;
				CLANG_WARN_SUSPICIOUS_MOVES = YES;
				CLANG_WARN_UNREACHABLE_CODE = YES;
				CLANG_WARN__DUPLICATE_METHOD_MATCH = YES;
				"CODE_SIGN_IDENTITY[sdk=iphoneos*]" = "iPhone Developer";
				COPY_PHASE_STRIP = NO;
				DEBUG_INFORMATION_FORMAT = "dwarf-with-dsym";
				ENABLE_NS_ASSERTIONS = NO;
				ENABLE_STRICT_OBJC_MSGSEND = YES;
				GCC_C_LANGUAGE_STANDARD = gnu99;
				GCC_NO_COMMON_BLOCKS = YES;
				GCC_WARN_64_TO_32_BIT_CONVERSION = YES;
				GCC_WARN_ABOUT_RETURN_TYPE = YES_ERROR;
				GCC_WARN_UNDECLARED_SELECTOR = YES;
				GCC_WARN_UNINITIALIZED_AUTOS = YES_AGGRESSIVE;
				GCC_WARN_UNUSED_FUNCTION = YES;
				GCC_WARN_UNUSED_VARIABLE = YES;
				IPHONEOS_DEPLOYMENT_TARGET = 10.0;
				MTL_ENABLE_DEBUG_INFO = NO;
				SDKROOT = iphoneos;
				VALIDATE_PRODUCT = YES;
			};
			name = Release;
		};
		33F120D91E84F40700260C96 /* Debug */ = {
			isa = XCBuildConfiguration;
			buildSettings = {
				ASSETCATALOG_COMPILER_APPICON_NAME = AppIcon;
				DEVELOPMENT_TEAM = N7U5XKLRB4;
				INFOPLIST_FILE = KingMovie/Info.plist;
				LD_RUNPATH_SEARCH_PATHS = "$(inherited) @executable_path/Frameworks";
				PRODUCT_BUNDLE_IDENTIFIER = www.wjb.com.KingMovie;
				PRODUCT_NAME = "$(TARGET_NAME)";
			};
			name = Debug;
		};
		33F120DA1E84F40700260C96 /* Release */ = {
			isa = XCBuildConfiguration;
			buildSettings = {
				ASSETCATALOG_COMPILER_APPICON_NAME = AppIcon;
				DEVELOPMENT_TEAM = N7U5XKLRB4;
				INFOPLIST_FILE = KingMovie/Info.plist;
				LD_RUNPATH_SEARCH_PATHS = "$(inherited) @executable_path/Frameworks";
				PRODUCT_BUNDLE_IDENTIFIER = www.wjb.com.KingMovie;
				PRODUCT_NAME = "$(TARGET_NAME)";
			};
			name = Release;
		};
		33F120DC1E84F40700260C96 /* Debug */ = {
			isa = XCBuildConfiguration;
			buildSettings = {
				BUNDLE_LOADER = "$(TEST_HOST)";
				INFOPLIST_FILE = KingMovieTests/Info.plist;
				LD_RUNPATH_SEARCH_PATHS = "$(inherited) @executable_path/Frameworks @loader_path/Frameworks";
				PRODUCT_BUNDLE_IDENTIFIER = www.wjb.com.KingMovieTests;
				PRODUCT_NAME = "$(TARGET_NAME)";
				TEST_HOST = "$(BUILT_PRODUCTS_DIR)/KingMovie.app/KingMovie";
			};
			name = Debug;
		};
		33F120DD1E84F40700260C96 /* Release */ = {
			isa = XCBuildConfiguration;
			buildSettings = {
				BUNDLE_LOADER = "$(TEST_HOST)";
				INFOPLIST_FILE = KingMovieTests/Info.plist;
				LD_RUNPATH_SEARCH_PATHS = "$(inherited) @executable_path/Frameworks @loader_path/Frameworks";
				PRODUCT_BUNDLE_IDENTIFIER = www.wjb.com.KingMovieTests;
				PRODUCT_NAME = "$(TARGET_NAME)";
				TEST_HOST = "$(BUILT_PRODUCTS_DIR)/KingMovie.app/KingMovie";
			};
			name = Release;
		};
		33F120DF1E84F40700260C96 /* Debug */ = {
			isa = XCBuildConfiguration;
			buildSettings = {
				INFOPLIST_FILE = KingMovieUITests/Info.plist;
				LD_RUNPATH_SEARCH_PATHS = "$(inherited) @executable_path/Frameworks @loader_path/Frameworks";
				PRODUCT_BUNDLE_IDENTIFIER = www.wjb.com.KingMovieUITests;
				PRODUCT_NAME = "$(TARGET_NAME)";
				TEST_TARGET_NAME = KingMovie;
			};
			name = Debug;
		};
		33F120E01E84F40700260C96 /* Release */ = {
			isa = XCBuildConfiguration;
			buildSettings = {
				INFOPLIST_FILE = KingMovieUITests/Info.plist;
				LD_RUNPATH_SEARCH_PATHS = "$(inherited) @executable_path/Frameworks @loader_path/Frameworks";
				PRODUCT_BUNDLE_IDENTIFIER = www.wjb.com.KingMovieUITests;
				PRODUCT_NAME = "$(TARGET_NAME)";
				TEST_TARGET_NAME = KingMovie;
			};
			name = Release;
		};
/* End XCBuildConfiguration section */

/* Begin XCConfigurationList section */
		33F120A61E84F40500260C96 /* Build configuration list for PBXProject "KingMovie" */ = {
			isa = XCConfigurationList;
			buildConfigurations = (
				33F120D61E84F40700260C96 /* Debug */,
				33F120D71E84F40700260C96 /* Release */,
			);
			defaultConfigurationIsVisible = 0;
			defaultConfigurationName = Release;
		};
		33F120D81E84F40700260C96 /* Build configuration list for PBXNativeTarget "KingMovie" */ = {
			isa = XCConfigurationList;
			buildConfigurations = (
				33F120D91E84F40700260C96 /* Debug */,
				33F120DA1E84F40700260C96 /* Release */,
			);
			defaultConfigurationIsVisible = 0;
		};
		33F120DB1E84F40700260C96 /* Build configuration list for PBXNativeTarget "KingMovieTests" */ = {
			isa = XCConfigurationList;
			buildConfigurations = (
				33F120DC1E84F40700260C96 /* Debug */,
				33F120DD1E84F40700260C96 /* Release */,
			);
			defaultConfigurationIsVisible = 0;
		};
		33F120DE1E84F40700260C96 /* Build configuration list for PBXNativeTarget "KingMovieUITests" */ = {
			isa = XCConfigurationList;
			buildConfigurations = (
				33F120DF1E84F40700260C96 /* Debug */,
				33F120E01E84F40700260C96 /* Release */,
			);
			defaultConfigurationIsVisible = 0;
		};
/* End XCConfigurationList section */
	};
	rootObject = 33F120A31E84F40500260C96 /* Project object */;
}
